
Microsoft Visual Studio Solution File, Format Version 10.00
# Visual Studio 2008
Project("{FAE04EC0-301F-11D3-BF4B-00C04F79EFBC}") = "IwQuick", "IwQuick\IwQuick.csproj", "{5775202E-96B4-44E8-904D-625154D7D524}"
EndProject
Project("{FAE04EC0-301F-11D3-BF4B-00C04F79EFBC}") = "Cgp.BaseLib", "Cgp\Cgp.BaseLib\Cgp.BaseLib.csproj", "{4B649633-3110-4CBD-AC66-43685FFDC808}"
EndProject
Project("{FAE04EC0-301F-11D3-BF4B-00C04F79EFBC}") = "Cgp.Client", "Cgp\Cgp.Client\Cgp.Client.csproj", "{FABCD5E9-CFDE-40D6-9BEF-9D57F24276A9}"
EndProject
Project("{FAE04EC0-301F-11D3-BF4B-00C04F79EFBC}") = "Cgp.DBSCreator", "Cgp\Cgp.DBSCreator\Cgp.DBSCreator.csproj", "{03D83D1D-0315-40A4-8DE0-BE415BAF68C3}"
EndProject
Project("{FAE04EC0-301F-11D3-BF4B-00C04F79EFBC}") = "Cgp.Globals", "Cgp\Cgp.Globals\Cgp.Globals.csproj", "{869F99AF-FEFA-43D9-98A0-6D8CF0987074}"
EndProject
Project("{FAE04EC0-301F-11D3-BF4B-00C04F79EFBC}") = "Cgp.ORM", "Cgp\Cgp.ORM\Cgp.ORM.csproj", "{91F9BB39-37AA-4831-91AD-882EEE262722}"
EndProject
Project("{FAE04EC0-301F-11D3-BF4B-00C04F79EFBC}") = "Cgp.RemotingCommon", "Cgp\Cgp.RemotingCommon\Cgp.RemotingCommon.csproj", "{1A33974B-B787-4E35-BE4B-BCF6F50DB953}"
EndProject
Project("{FAE04EC0-301F-11D3-BF4B-00C04F79EFBC}") = "Cgp.Server.Beans", "Cgp\Cgp.Server.Beans\Cgp.Server.Beans.csproj", "{0A152990-C767-4D19-ABD5-9CC4FDDDBC95}"
EndProject
Project("{FAE04EC0-301F-11D3-BF4B-00C04F79EFBC}") = "Cgp.Server", "Cgp\Cgp.Server\Cgp.Server.csproj", "{E4AA19DF-B369-4979-A2A0-D3D2BCFED985}"
	ProjectSection(ProjectDependencies) = postProject
		{B4E0019F-BD64-47DD-8BFF-9D2B0AB3C86C} = {B4E0019F-BD64-47DD-8BFF-9D2B0AB3C86C}
	EndProjectSection
EndProject
Project("{FAE04EC0-301F-11D3-BF4B-00C04F79EFBC}") = "Cgp.NCAS.Client", "Cgp.NCAS.Client\Cgp.NCAS.Client.csproj", "{24C026A6-1C57-4CF3-9034-A8296A9C2A2A}"
EndProject
Project("{FAE04EC0-301F-11D3-BF4B-00C04F79EFBC}") = "Cgp.NCAS.Server.Beans", "Cgp.NCAS.Server.Beans\Cgp.NCAS.Server.Beans.csproj", "{2EB9DDDF-0719-4A79-8CB7-FBD410743C92}"
EndProject
Project("{FAE04EC0-301F-11D3-BF4B-00C04F79EFBC}") = "Cgp.NCAS.Server", "Cgp.NCAS.Server\Cgp.NCAS.Server.csproj", "{E9AA864F-8019-4281-87BE-6E47085E756C}"
	ProjectSection(ProjectDependencies) = postProject
		{B4E0019F-BD64-47DD-8BFF-9D2B0AB3C86C} = {B4E0019F-BD64-47DD-8BFF-9D2B0AB3C86C}
	EndProjectSection
EndProject
Project("{FAE04EC0-301F-11D3-BF4B-00C04F79EFBC}") = "LwDhcp", "LwDhcp\LwDhcp.csproj", "{6FF068D4-BFF0-492B-9060-0CDE88348056}"
EndProject
Project("{FAE04EC0-301F-11D3-BF4B-00C04F79EFBC}") = "Cgp.Server.Beans.Extern", "Cgp\Cgp.Server.Beans.Extern\Cgp.Server.Beans.Extern.csproj", "{8DB7364B-5E6B-4869-A3DD-DB9B95DA7064}"
EndProject
Project("{FAE04EC0-301F-11D3-BF4B-00C04F79EFBC}") = "Cgp.NCAS.Globals", "Cgp.NCAS.Globals\Cgp.NCAS.Globals.csproj", "{08E546F9-45B8-4A33-A0FE-0D83FB132560}"
EndProject
Project("{FAE04EC0-301F-11D3-BF4B-00C04F79EFBC}") = "CardReaderDriversPC", "CardReaderDrivers\CardReaderDriversPC.csproj", "{2A3C3ECF-5B90-4A14-A4FF-514629738201}"
EndProject
Project("{FAE04EC0-301F-11D3-BF4B-00C04F79EFBC}") = "SLA.Client", "SLA.Client\SLA.Client.csproj", "{BC2874D3-EDE1-4BB5-A7E1-EE02E926FBF4}"
EndProject
Project("{FAE04EC0-301F-11D3-BF4B-00C04F79EFBC}") = "Cgp.NCAS.RemotingCommon", "Cgp.NCAS.RemotingCommon\Cgp.NCAS.RemotingCommon.csproj", "{7DA1465B-3029-43E8-801C-BAC87581B99C}"
EndProject
Project("{FAE04EC0-301F-11D3-BF4B-00C04F79EFBC}") = "Cgp.Client.ClientUpgrader", "Cgp\Cgp.Client.ClientUpgrader\Cgp.Client.ClientUpgrader.csproj", "{8409F2D8-A4C6-472B-A71B-C5F88E820A6F}"
EndProject
Project("{FAE04EC0-301F-11D3-BF4B-00C04F79EFBC}") = "Cgp.ContalNovaLicenseManager", "Cgp\Cgp.ContalNovaLicenseManager\Cgp.ContalNovaLicenseManager.csproj", "{B4E0019F-BD64-47DD-8BFF-9D2B0AB3C86C}"
EndProject
Project("{FAE04EC0-301F-11D3-BF4B-00C04F79EFBC}") = "RegistryChanger", "RegistryChanger\RegistryChanger\RegistryChanger.csproj", "{C1AE4E71-C8DB-4FE1-84D5-CBA1ACA62086}"
EndProject
Project("{FAE04EC0-301F-11D3-BF4B-00C04F79EFBC}") = "Cgp.Components", "Cgp\Cgp.Components\Cgp.Components.csproj", "{C192E586-21CB-45CA-86C7-9CE602F4726E}"
EndProject
Project("{FAE04EC0-301F-11D3-BF4B-00C04F79EFBC}") = "Cgp.NCAS.Definitions", "Cgp.NCAS.Definitions\Cgp.NCAS.Definitions.csproj", "{84E07D7F-09B6-4894-BBE4-4FCFA73A85E1}"
EndProject
Project("{FAE04EC0-301F-11D3-BF4B-00C04F79EFBC}") = "Cgp.Client.Common", "Cgp\Cgp.Client.Common\Cgp.Client.Common.csproj", "{F13A1A13-4773-4744-820B-43DA34DFAE7B}"
EndProject
Project("{FAE04EC0-301F-11D3-BF4B-00C04F79EFBC}") = "Cgp.NCAS.Client.Common", "Cgp.NCAS.Client.Common\Cgp.NCAS.Client.Common.csproj", "{AE4EF016-B541-4C93-98C1-CDEE1C63AC11}"
EndProject
Project("{FAE04EC0-301F-11D3-BF4B-00C04F79EFBC}") = "CardReaderDriversDefinitionsPC", "CardReaderDrivers\CardReaderDriversDefinitionsPC.csproj", "{6145150F-1096-482D-AD8B-B93F63923066}"
EndProject
Project("{FAE04EC0-301F-11D3-BF4B-00C04F79EFBC}") = "Cgp.NCAS.WpfGraphicsControl", "WpfGraphicsControl\Cgp.NCAS.WpfGraphicsControl.csproj", "{337782F6-B38E-4D67-A290-6DF3CF53DF5E}"
EndProject
Project("{FAE04EC0-301F-11D3-BF4B-00C04F79EFBC}") = "LwRemoting2", "LwRemoting2\LwRemoting2.csproj", "{F5E5ABB7-9D52-4AE8-9957-617299A3F49A}"
EndProject
Project("{FAE04EC0-301F-11D3-BF4B-00C04F79EFBC}") = "LwSerialization2", "LwSerialization2\LwSerialization2.csproj", "{DD4CE909-5209-433A-A10B-A1CB612C7A26}"
EndProject
Project("{FAE04EC0-301F-11D3-BF4B-00C04F79EFBC}") = "CatCom.PC35", "CatCom\CatCom.PC35.csproj", "{BC4A4D0D-5ACA-416D-AFBD-2DC60ECB3C14}"
EndProject
Project("{FAE04EC0-301F-11D3-BF4B-00C04F79EFBC}") = "LwMessaging.PC35", "LwMessaging\LwMessaging.PC35.csproj", "{5CBAE2C8-CE17-4616-B146-4BE2F703849C}"
EndProject
Project("{FAE04EC0-301F-11D3-BF4B-00C04F79EFBC}") = "uTcp.PC35", "uTcp\uTcp.PC35.csproj", "{4ED04093-3D8B-421B-AB44-DB2A27E2AF24}"
EndProject
Project("{FAE04EC0-301F-11D3-BF4B-00C04F79EFBC}") = "Cgp.Client.NonVisual", "Cgp.Client.NonVisual\Cgp.Client.NonVisual.csproj", "{81F5A036-DE0F-45DD-9B61-45D541296138}"
EndProject
Project("{FAE04EC0-301F-11D3-BF4B-00C04F79EFBC}") = "Cgp.NCAS.Client.NonVisual", "Cgp.NCAS.Client.NonVisual\Cgp.NCAS.Client.NonVisual.csproj", "{D68E6F26-009C-435F-B3DF-DCB00CAAB7CB}"
EndProject
Project("{FAE04EC0-301F-11D3-BF4B-00C04F79EFBC}") = "AnalyticTool.Advitech", "AnalyticTool.Advitech\AnalyticTool.Advitech.csproj", "{E11FF1A8-4119-4106-A75E-C01B41AEDBF2}"
EndProject
Project("{54435603-DBB4-11D2-8724-00A0C9A8B90C}") = "AnalyticTool.AdvitechSetup", "AnalyticTool.AdvitechSetup\AnalyticTool.AdvitechSetup.vdproj", "{862F8EF4-FA86-4585-9FDB-7E25CEC89983}"
EndProject
Global
	GlobalSection(SubversionScc) = preSolution
		Svn-Managed = True
		Manager = AnkhSVN - Subversion Support for Visual Studio
	EndGlobalSection
	GlobalSection(SolutionConfigurationPlatforms) = preSolution
		Debug|Any CPU = Debug|Any CPU
		Designer|Any CPU = Designer|Any CPU
		Release - CodeWall|Any CPU = Release - CodeWall|Any CPU
		Release - Maintenance|Any CPU = Release - Maintenance|Any CPU
		Release - Setup|Any CPU = Release - Setup|Any CPU
		Release (Special)|Any CPU = Release (Special)|Any CPU
		Release|Any CPU = Release|Any CPU
	EndGlobalSection
	GlobalSection(ProjectConfigurationPlatforms) = postSolution
		{5775202E-96B4-44E8-904D-625154D7D524}.Debug|Any CPU.ActiveCfg = Debug|Any CPU
		{5775202E-96B4-44E8-904D-625154D7D524}.Debug|Any CPU.Build.0 = Debug|Any CPU
		{5775202E-96B4-44E8-904D-625154D7D524}.Designer|Any CPU.ActiveCfg = Designer|Any CPU
		{5775202E-96B4-44E8-904D-625154D7D524}.Designer|Any CPU.Build.0 = Designer|Any CPU
		{5775202E-96B4-44E8-904D-625154D7D524}.Release - CodeWall|Any CPU.ActiveCfg = Release|Any CPU
		{5775202E-96B4-44E8-904D-625154D7D524}.Release - CodeWall|Any CPU.Build.0 = Release|Any CPU
		{5775202E-96B4-44E8-904D-625154D7D524}.Release - Maintenance|Any CPU.ActiveCfg = Release|Any CPU
		{5775202E-96B4-44E8-904D-625154D7D524}.Release - Maintenance|Any CPU.Build.0 = Release|Any CPU
		{5775202E-96B4-44E8-904D-625154D7D524}.Release - Setup|Any CPU.ActiveCfg = Release|Any CPU
		{5775202E-96B4-44E8-904D-625154D7D524}.Release (Special)|Any CPU.ActiveCfg = Release|Any CPU
		{5775202E-96B4-44E8-904D-625154D7D524}.Release (Special)|Any CPU.Build.0 = Release|Any CPU
		{5775202E-96B4-44E8-904D-625154D7D524}.Release|Any CPU.ActiveCfg = Release|Any CPU
		{5775202E-96B4-44E8-904D-625154D7D524}.Release|Any CPU.Build.0 = Release|Any CPU
		{4B649633-3110-4CBD-AC66-43685FFDC808}.Debug|Any CPU.ActiveCfg = Debug|Any CPU
		{4B649633-3110-4CBD-AC66-43685FFDC808}.Debug|Any CPU.Build.0 = Debug|Any CPU
		{4B649633-3110-4CBD-AC66-43685FFDC808}.Designer|Any CPU.ActiveCfg = Designer|Any CPU
		{4B649633-3110-4CBD-AC66-43685FFDC808}.Designer|Any CPU.Build.0 = Designer|Any CPU
		{4B649633-3110-4CBD-AC66-43685FFDC808}.Release - CodeWall|Any CPU.ActiveCfg = Release|Any CPU
		{4B649633-3110-4CBD-AC66-43685FFDC808}.Release - CodeWall|Any CPU.Build.0 = Release|Any CPU
		{4B649633-3110-4CBD-AC66-43685FFDC808}.Release - Maintenance|Any CPU.ActiveCfg = Release|Any CPU
		{4B649633-3110-4CBD-AC66-43685FFDC808}.Release - Setup|Any CPU.ActiveCfg = Release|Any CPU
		{4B649633-3110-4CBD-AC66-43685FFDC808}.Release (Special)|Any CPU.ActiveCfg = Release (Special)|Any CPU
		{4B649633-3110-4CBD-AC66-43685FFDC808}.Release (Special)|Any CPU.Build.0 = Release (Special)|Any CPU
		{4B649633-3110-4CBD-AC66-43685FFDC808}.Release|Any CPU.ActiveCfg = Release|Any CPU
		{4B649633-3110-4CBD-AC66-43685FFDC808}.Release|Any CPU.Build.0 = Release|Any CPU
		{FABCD5E9-CFDE-40D6-9BEF-9D57F24276A9}.Debug|Any CPU.ActiveCfg = Debug|Any CPU
		{FABCD5E9-CFDE-40D6-9BEF-9D57F24276A9}.Debug|Any CPU.Build.0 = Debug|Any CPU
		{FABCD5E9-CFDE-40D6-9BEF-9D57F24276A9}.Designer|Any CPU.ActiveCfg = Designer|Any CPU
		{FABCD5E9-CFDE-40D6-9BEF-9D57F24276A9}.Designer|Any CPU.Build.0 = Designer|Any CPU
		{FABCD5E9-CFDE-40D6-9BEF-9D57F24276A9}.Release - CodeWall|Any CPU.ActiveCfg = Release - CodeWall|Any CPU
		{FABCD5E9-CFDE-40D6-9BEF-9D57F24276A9}.Release - CodeWall|Any CPU.Build.0 = Release - CodeWall|Any CPU
		{FABCD5E9-CFDE-40D6-9BEF-9D57F24276A9}.Release - Maintenance|Any CPU.ActiveCfg = Release|Any CPU
		{FABCD5E9-CFDE-40D6-9BEF-9D57F24276A9}.Release - Setup|Any CPU.ActiveCfg = Release - CodeWall|Any CPU
		{FABCD5E9-CFDE-40D6-9BEF-9D57F24276A9}.Release (Special)|Any CPU.ActiveCfg = Release (Special)|Any CPU
		{FABCD5E9-CFDE-40D6-9BEF-9D57F24276A9}.Release (Special)|Any CPU.Build.0 = Release (Special)|Any CPU
		{FABCD5E9-CFDE-40D6-9BEF-9D57F24276A9}.Release|Any CPU.ActiveCfg = Release|Any CPU
		{FABCD5E9-CFDE-40D6-9BEF-9D57F24276A9}.Release|Any CPU.Build.0 = Release|Any CPU
		{03D83D1D-0315-40A4-8DE0-BE415BAF68C3}.Debug|Any CPU.ActiveCfg = Debug|Any CPU
		{03D83D1D-0315-40A4-8DE0-BE415BAF68C3}.Debug|Any CPU.Build.0 = Debug|Any CPU
		{03D83D1D-0315-40A4-8DE0-BE415BAF68C3}.Designer|Any CPU.ActiveCfg = Designer|Any CPU
		{03D83D1D-0315-40A4-8DE0-BE415BAF68C3}.Designer|Any CPU.Build.0 = Designer|Any CPU
		{03D83D1D-0315-40A4-8DE0-BE415BAF68C3}.Release - CodeWall|Any CPU.ActiveCfg = Release|Any CPU
		{03D83D1D-0315-40A4-8DE0-BE415BAF68C3}.Release - CodeWall|Any CPU.Build.0 = Release|Any CPU
		{03D83D1D-0315-40A4-8DE0-BE415BAF68C3}.Release - Maintenance|Any CPU.ActiveCfg = Release|Any CPU
		{03D83D1D-0315-40A4-8DE0-BE415BAF68C3}.Release - Setup|Any CPU.ActiveCfg = Release|Any CPU
		{03D83D1D-0315-40A4-8DE0-BE415BAF68C3}.Release (Special)|Any CPU.ActiveCfg = Release (Special)|Any CPU
		{03D83D1D-0315-40A4-8DE0-BE415BAF68C3}.Release (Special)|Any CPU.Build.0 = Release (Special)|Any CPU
		{03D83D1D-0315-40A4-8DE0-BE415BAF68C3}.Release|Any CPU.ActiveCfg = Release|Any CPU
		{03D83D1D-0315-40A4-8DE0-BE415BAF68C3}.Release|Any CPU.Build.0 = Release|Any CPU
		{869F99AF-FEFA-43D9-98A0-6D8CF0987074}.Debug|Any CPU.ActiveCfg = Debug|Any CPU
		{869F99AF-FEFA-43D9-98A0-6D8CF0987074}.Debug|Any CPU.Build.0 = Debug|Any CPU
		{869F99AF-FEFA-43D9-98A0-6D8CF0987074}.Designer|Any CPU.ActiveCfg = Designer|Any CPU
		{869F99AF-FEFA-43D9-98A0-6D8CF0987074}.Designer|Any CPU.Build.0 = Designer|Any CPU
		{869F99AF-FEFA-43D9-98A0-6D8CF0987074}.Release - CodeWall|Any CPU.ActiveCfg = Release|Any CPU
		{869F99AF-FEFA-43D9-98A0-6D8CF0987074}.Release - CodeWall|Any CPU.Build.0 = Release|Any CPU
		{869F99AF-FEFA-43D9-98A0-6D8CF0987074}.Release - Maintenance|Any CPU.ActiveCfg = Release|Any CPU
		{869F99AF-FEFA-43D9-98A0-6D8CF0987074}.Release - Setup|Any CPU.ActiveCfg = Release|Any CPU
		{869F99AF-FEFA-43D9-98A0-6D8CF0987074}.Release (Special)|Any CPU.ActiveCfg = Release (Special)|Any CPU
		{869F99AF-FEFA-43D9-98A0-6D8CF0987074}.Release (Special)|Any CPU.Build.0 = Release (Special)|Any CPU
		{869F99AF-FEFA-43D9-98A0-6D8CF0987074}.Release|Any CPU.ActiveCfg = Release|Any CPU
		{869F99AF-FEFA-43D9-98A0-6D8CF0987074}.Release|Any CPU.Build.0 = Release|Any CPU
		{91F9BB39-37AA-4831-91AD-882EEE262722}.Debug|Any CPU.ActiveCfg = Debug|Any CPU
		{91F9BB39-37AA-4831-91AD-882EEE262722}.Debug|Any CPU.Build.0 = Debug|Any CPU
		{91F9BB39-37AA-4831-91AD-882EEE262722}.Designer|Any CPU.ActiveCfg = Designer|Any CPU
		{91F9BB39-37AA-4831-91AD-882EEE262722}.Designer|Any CPU.Build.0 = Designer|Any CPU
		{91F9BB39-37AA-4831-91AD-882EEE262722}.Release - CodeWall|Any CPU.ActiveCfg = Release|Any CPU
		{91F9BB39-37AA-4831-91AD-882EEE262722}.Release - CodeWall|Any CPU.Build.0 = Release|Any CPU
		{91F9BB39-37AA-4831-91AD-882EEE262722}.Release - Maintenance|Any CPU.ActiveCfg = Release|Any CPU
		{91F9BB39-37AA-4831-91AD-882EEE262722}.Release - Setup|Any CPU.ActiveCfg = Release|Any CPU
		{91F9BB39-37AA-4831-91AD-882EEE262722}.Release (Special)|Any CPU.ActiveCfg = Release (Special)|Any CPU
		{91F9BB39-37AA-4831-91AD-882EEE262722}.Release (Special)|Any CPU.Build.0 = Release (Special)|Any CPU
		{91F9BB39-37AA-4831-91AD-882EEE262722}.Release|Any CPU.ActiveCfg = Release|Any CPU
		{91F9BB39-37AA-4831-91AD-882EEE262722}.Release|Any CPU.Build.0 = Release|Any CPU
		{1A33974B-B787-4E35-BE4B-BCF6F50DB953}.Debug|Any CPU.ActiveCfg = Debug|Any CPU
		{1A33974B-B787-4E35-BE4B-BCF6F50DB953}.Debug|Any CPU.Build.0 = Debug|Any CPU
		{1A33974B-B787-4E35-BE4B-BCF6F50DB953}.Designer|Any CPU.ActiveCfg = Designer|Any CPU
		{1A33974B-B787-4E35-BE4B-BCF6F50DB953}.Designer|Any CPU.Build.0 = Designer|Any CPU
		{1A33974B-B787-4E35-BE4B-BCF6F50DB953}.Release - CodeWall|Any CPU.ActiveCfg = Release|Any CPU
		{1A33974B-B787-4E35-BE4B-BCF6F50DB953}.Release - CodeWall|Any CPU.Build.0 = Release|Any CPU
		{1A33974B-B787-4E35-BE4B-BCF6F50DB953}.Release - Maintenance|Any CPU.ActiveCfg = Release|Any CPU
		{1A33974B-B787-4E35-BE4B-BCF6F50DB953}.Release - Setup|Any CPU.ActiveCfg = Release|Any CPU
		{1A33974B-B787-4E35-BE4B-BCF6F50DB953}.Release (Special)|Any CPU.ActiveCfg = Release (Special)|Any CPU
		{1A33974B-B787-4E35-BE4B-BCF6F50DB953}.Release (Special)|Any CPU.Build.0 = Release (Special)|Any CPU
		{1A33974B-B787-4E35-BE4B-BCF6F50DB953}.Release|Any CPU.ActiveCfg = Release|Any CPU
		{1A33974B-B787-4E35-BE4B-BCF6F50DB953}.Release|Any CPU.Build.0 = Release|Any CPU
		{0A152990-C767-4D19-ABD5-9CC4FDDDBC95}.Debug|Any CPU.ActiveCfg = Debug|Any CPU
		{0A152990-C767-4D19-ABD5-9CC4FDDDBC95}.Debug|Any CPU.Build.0 = Debug|Any CPU
		{0A152990-C767-4D19-ABD5-9CC4FDDDBC95}.Designer|Any CPU.ActiveCfg = Designer|Any CPU
		{0A152990-C767-4D19-ABD5-9CC4FDDDBC95}.Designer|Any CPU.Build.0 = Designer|Any CPU
		{0A152990-C767-4D19-ABD5-9CC4FDDDBC95}.Release - CodeWall|Any CPU.ActiveCfg = Release|Any CPU
		{0A152990-C767-4D19-ABD5-9CC4FDDDBC95}.Release - CodeWall|Any CPU.Build.0 = Release|Any CPU
		{0A152990-C767-4D19-ABD5-9CC4FDDDBC95}.Release - Maintenance|Any CPU.ActiveCfg = Release|Any CPU
		{0A152990-C767-4D19-ABD5-9CC4FDDDBC95}.Release - Setup|Any CPU.ActiveCfg = Release|Any CPU
		{0A152990-C767-4D19-ABD5-9CC4FDDDBC95}.Release (Special)|Any CPU.ActiveCfg = Release (Special)|Any CPU
		{0A152990-C767-4D19-ABD5-9CC4FDDDBC95}.Release (Special)|Any CPU.Build.0 = Release (Special)|Any CPU
		{0A152990-C767-4D19-ABD5-9CC4FDDDBC95}.Release|Any CPU.ActiveCfg = Release|Any CPU
		{0A152990-C767-4D19-ABD5-9CC4FDDDBC95}.Release|Any CPU.Build.0 = Release|Any CPU
		{E4AA19DF-B369-4979-A2A0-D3D2BCFED985}.Debug|Any CPU.ActiveCfg = Debug|Any CPU
		{E4AA19DF-B369-4979-A2A0-D3D2BCFED985}.Debug|Any CPU.Build.0 = Debug|Any CPU
		{E4AA19DF-B369-4979-A2A0-D3D2BCFED985}.Designer|Any CPU.ActiveCfg = Designer|Any CPU
		{E4AA19DF-B369-4979-A2A0-D3D2BCFED985}.Designer|Any CPU.Build.0 = Designer|Any CPU
		{E4AA19DF-B369-4979-A2A0-D3D2BCFED985}.Release - CodeWall|Any CPU.ActiveCfg = Release - CodeWall|Any CPU
		{E4AA19DF-B369-4979-A2A0-D3D2BCFED985}.Release - CodeWall|Any CPU.Build.0 = Release - CodeWall|Any CPU
		{E4AA19DF-B369-4979-A2A0-D3D2BCFED985}.Release - Maintenance|Any CPU.ActiveCfg = Release|Any CPU
		{E4AA19DF-B369-4979-A2A0-D3D2BCFED985}.Release - Setup|Any CPU.ActiveCfg = Release - CodeWall|Any CPU
		{E4AA19DF-B369-4979-A2A0-D3D2BCFED985}.Release (Special)|Any CPU.ActiveCfg = Release (Special)|Any CPU
		{E4AA19DF-B369-4979-A2A0-D3D2BCFED985}.Release (Special)|Any CPU.Build.0 = Release (Special)|Any CPU
		{E4AA19DF-B369-4979-A2A0-D3D2BCFED985}.Release|Any CPU.ActiveCfg = Release|Any CPU
		{E4AA19DF-B369-4979-A2A0-D3D2BCFED985}.Release|Any CPU.Build.0 = Release|Any CPU
		{24C026A6-1C57-4CF3-9034-A8296A9C2A2A}.Debug|Any CPU.ActiveCfg = Debug|Any CPU
		{24C026A6-1C57-4CF3-9034-A8296A9C2A2A}.Debug|Any CPU.Build.0 = Debug|Any CPU
		{24C026A6-1C57-4CF3-9034-A8296A9C2A2A}.Designer|Any CPU.ActiveCfg = Designer|Any CPU
		{24C026A6-1C57-4CF3-9034-A8296A9C2A2A}.Designer|Any CPU.Build.0 = Designer|Any CPU
		{24C026A6-1C57-4CF3-9034-A8296A9C2A2A}.Release - CodeWall|Any CPU.ActiveCfg = Release - CodeWall|Any CPU
		{24C026A6-1C57-4CF3-9034-A8296A9C2A2A}.Release - CodeWall|Any CPU.Build.0 = Release - CodeWall|Any CPU
		{24C026A6-1C57-4CF3-9034-A8296A9C2A2A}.Release - Maintenance|Any CPU.ActiveCfg = Release|Any CPU
		{24C026A6-1C57-4CF3-9034-A8296A9C2A2A}.Release - Setup|Any CPU.ActiveCfg = Release - CodeWall|Any CPU
		{24C026A6-1C57-4CF3-9034-A8296A9C2A2A}.Release (Special)|Any CPU.ActiveCfg = Release (Special)|Any CPU
		{24C026A6-1C57-4CF3-9034-A8296A9C2A2A}.Release (Special)|Any CPU.Build.0 = Release (Special)|Any CPU
		{24C026A6-1C57-4CF3-9034-A8296A9C2A2A}.Release|Any CPU.ActiveCfg = Release|Any CPU
		{24C026A6-1C57-4CF3-9034-A8296A9C2A2A}.Release|Any CPU.Build.0 = Release|Any CPU
		{2EB9DDDF-0719-4A79-8CB7-FBD410743C92}.Debug|Any CPU.ActiveCfg = Debug|Any CPU
		{2EB9DDDF-0719-4A79-8CB7-FBD410743C92}.Debug|Any CPU.Build.0 = Debug|Any CPU
		{2EB9DDDF-0719-4A79-8CB7-FBD410743C92}.Designer|Any CPU.ActiveCfg = Designer|Any CPU
		{2EB9DDDF-0719-4A79-8CB7-FBD410743C92}.Designer|Any CPU.Build.0 = Designer|Any CPU
		{2EB9DDDF-0719-4A79-8CB7-FBD410743C92}.Release - CodeWall|Any CPU.ActiveCfg = Release|Any CPU
		{2EB9DDDF-0719-4A79-8CB7-FBD410743C92}.Release - CodeWall|Any CPU.Build.0 = Release|Any CPU
		{2EB9DDDF-0719-4A79-8CB7-FBD410743C92}.Release - Maintenance|Any CPU.ActiveCfg = Release|Any CPU
		{2EB9DDDF-0719-4A79-8CB7-FBD410743C92}.Release - Setup|Any CPU.ActiveCfg = Release|Any CPU
		{2EB9DDDF-0719-4A79-8CB7-FBD410743C92}.Release (Special)|Any CPU.ActiveCfg = Release (Special)|Any CPU
		{2EB9DDDF-0719-4A79-8CB7-FBD410743C92}.Release (Special)|Any CPU.Build.0 = Release (Special)|Any CPU
		{2EB9DDDF-0719-4A79-8CB7-FBD410743C92}.Release|Any CPU.ActiveCfg = Release|Any CPU
		{2EB9DDDF-0719-4A79-8CB7-FBD410743C92}.Release|Any CPU.Build.0 = Release|Any CPU
		{E9AA864F-8019-4281-87BE-6E47085E756C}.Debug|Any CPU.ActiveCfg = Debug|Any CPU
		{E9AA864F-8019-4281-87BE-6E47085E756C}.Debug|Any CPU.Build.0 = Debug|Any CPU
		{E9AA864F-8019-4281-87BE-6E47085E756C}.Designer|Any CPU.ActiveCfg = Designer|Any CPU
		{E9AA864F-8019-4281-87BE-6E47085E756C}.Designer|Any CPU.Build.0 = Designer|Any CPU
		{E9AA864F-8019-4281-87BE-6E47085E756C}.Release - CodeWall|Any CPU.ActiveCfg = Release - CodeWall|Any CPU
		{E9AA864F-8019-4281-87BE-6E47085E756C}.Release - CodeWall|Any CPU.Build.0 = Release - CodeWall|Any CPU
		{E9AA864F-8019-4281-87BE-6E47085E756C}.Release - Maintenance|Any CPU.ActiveCfg = Release|Any CPU
		{E9AA864F-8019-4281-87BE-6E47085E756C}.Release - Setup|Any CPU.ActiveCfg = Release - CodeWall|Any CPU
		{E9AA864F-8019-4281-87BE-6E47085E756C}.Release (Special)|Any CPU.ActiveCfg = Release (Special)|Any CPU
		{E9AA864F-8019-4281-87BE-6E47085E756C}.Release (Special)|Any CPU.Build.0 = Release (Special)|Any CPU
		{E9AA864F-8019-4281-87BE-6E47085E756C}.Release|Any CPU.ActiveCfg = Release|Any CPU
		{E9AA864F-8019-4281-87BE-6E47085E756C}.Release|Any CPU.Build.0 = Release|Any CPU
		{6FF068D4-BFF0-492B-9060-0CDE88348056}.Debug|Any CPU.ActiveCfg = Debug|Any CPU
		{6FF068D4-BFF0-492B-9060-0CDE88348056}.Debug|Any CPU.Build.0 = Debug|Any CPU
		{6FF068D4-BFF0-492B-9060-0CDE88348056}.Designer|Any CPU.ActiveCfg = Debug|Any CPU
		{6FF068D4-BFF0-492B-9060-0CDE88348056}.Release - CodeWall|Any CPU.ActiveCfg = Release|Any CPU
		{6FF068D4-BFF0-492B-9060-0CDE88348056}.Release - CodeWall|Any CPU.Build.0 = Release|Any CPU
		{6FF068D4-BFF0-492B-9060-0CDE88348056}.Release - Maintenance|Any CPU.ActiveCfg = Release|Any CPU
		{6FF068D4-BFF0-492B-9060-0CDE88348056}.Release - Setup|Any CPU.ActiveCfg = Release|Any CPU
		{6FF068D4-BFF0-492B-9060-0CDE88348056}.Release (Special)|Any CPU.ActiveCfg = Release|Any CPU
		{6FF068D4-BFF0-492B-9060-0CDE88348056}.Release (Special)|Any CPU.Build.0 = Release|Any CPU
		{6FF068D4-BFF0-492B-9060-0CDE88348056}.Release|Any CPU.ActiveCfg = Release|Any CPU
		{6FF068D4-BFF0-492B-9060-0CDE88348056}.Release|Any CPU.Build.0 = Release|Any CPU
		{8DB7364B-5E6B-4869-A3DD-DB9B95DA7064}.Debug|Any CPU.ActiveCfg = Debug|Any CPU
		{8DB7364B-5E6B-4869-A3DD-DB9B95DA7064}.Debug|Any CPU.Build.0 = Debug|Any CPU
		{8DB7364B-5E6B-4869-A3DD-DB9B95DA7064}.Designer|Any CPU.ActiveCfg = Debug|Any CPU
		{8DB7364B-5E6B-4869-A3DD-DB9B95DA7064}.Release - CodeWall|Any CPU.ActiveCfg = Release|Any CPU
		{8DB7364B-5E6B-4869-A3DD-DB9B95DA7064}.Release - CodeWall|Any CPU.Build.0 = Release|Any CPU
		{8DB7364B-5E6B-4869-A3DD-DB9B95DA7064}.Release - Maintenance|Any CPU.ActiveCfg = Release|Any CPU
		{8DB7364B-5E6B-4869-A3DD-DB9B95DA7064}.Release - Setup|Any CPU.ActiveCfg = Release|Any CPU
		{8DB7364B-5E6B-4869-A3DD-DB9B95DA7064}.Release (Special)|Any CPU.ActiveCfg = Release (Special)|Any CPU
		{8DB7364B-5E6B-4869-A3DD-DB9B95DA7064}.Release (Special)|Any CPU.Build.0 = Release (Special)|Any CPU
		{8DB7364B-5E6B-4869-A3DD-DB9B95DA7064}.Release|Any CPU.ActiveCfg = Release|Any CPU
		{8DB7364B-5E6B-4869-A3DD-DB9B95DA7064}.Release|Any CPU.Build.0 = Release|Any CPU
		{08E546F9-45B8-4A33-A0FE-0D83FB132560}.Debug|Any CPU.ActiveCfg = Debug|Any CPU
		{08E546F9-45B8-4A33-A0FE-0D83FB132560}.Debug|Any CPU.Build.0 = Debug|Any CPU
		{08E546F9-45B8-4A33-A0FE-0D83FB132560}.Designer|Any CPU.ActiveCfg = Debug|Any CPU
		{08E546F9-45B8-4A33-A0FE-0D83FB132560}.Release - CodeWall|Any CPU.ActiveCfg = Release|Any CPU
		{08E546F9-45B8-4A33-A0FE-0D83FB132560}.Release - CodeWall|Any CPU.Build.0 = Release|Any CPU
		{08E546F9-45B8-4A33-A0FE-0D83FB132560}.Release - Maintenance|Any CPU.ActiveCfg = Release|Any CPU
		{08E546F9-45B8-4A33-A0FE-0D83FB132560}.Release - Setup|Any CPU.ActiveCfg = Release|Any CPU
		{08E546F9-45B8-4A33-A0FE-0D83FB132560}.Release (Special)|Any CPU.ActiveCfg = Release (Special)|Any CPU
		{08E546F9-45B8-4A33-A0FE-0D83FB132560}.Release (Special)|Any CPU.Build.0 = Release (Special)|Any CPU
		{08E546F9-45B8-4A33-A0FE-0D83FB132560}.Release|Any CPU.ActiveCfg = Release|Any CPU
		{08E546F9-45B8-4A33-A0FE-0D83FB132560}.Release|Any CPU.Build.0 = Release|Any CPU
		{2A3C3ECF-5B90-4A14-A4FF-514629738201}.Debug|Any CPU.ActiveCfg = Debug|Any CPU
		{2A3C3ECF-5B90-4A14-A4FF-514629738201}.Debug|Any CPU.Build.0 = Debug|Any CPU
		{2A3C3ECF-5B90-4A14-A4FF-514629738201}.Designer|Any CPU.ActiveCfg = Debug|Any CPU
		{2A3C3ECF-5B90-4A14-A4FF-514629738201}.Release - CodeWall|Any CPU.ActiveCfg = Release|Any CPU
		{2A3C3ECF-5B90-4A14-A4FF-514629738201}.Release - CodeWall|Any CPU.Build.0 = Release|Any CPU
		{2A3C3ECF-5B90-4A14-A4FF-514629738201}.Release - Maintenance|Any CPU.ActiveCfg = Release|Any CPU
		{2A3C3ECF-5B90-4A14-A4FF-514629738201}.Release - Maintenance|Any CPU.Build.0 = Release|Any CPU
		{2A3C3ECF-5B90-4A14-A4FF-514629738201}.Release - Setup|Any CPU.ActiveCfg = Release|Any CPU
		{2A3C3ECF-5B90-4A14-A4FF-514629738201}.Release (Special)|Any CPU.ActiveCfg = Release (Special)|Any CPU
		{2A3C3ECF-5B90-4A14-A4FF-514629738201}.Release (Special)|Any CPU.Build.0 = Release (Special)|Any CPU
		{2A3C3ECF-5B90-4A14-A4FF-514629738201}.Release|Any CPU.ActiveCfg = Release|Any CPU
		{2A3C3ECF-5B90-4A14-A4FF-514629738201}.Release|Any CPU.Build.0 = Release|Any CPU
		{BC2874D3-EDE1-4BB5-A7E1-EE02E926FBF4}.Debug|Any CPU.ActiveCfg = Debug|Any CPU
		{BC2874D3-EDE1-4BB5-A7E1-EE02E926FBF4}.Debug|Any CPU.Build.0 = Debug|Any CPU
		{BC2874D3-EDE1-4BB5-A7E1-EE02E926FBF4}.Designer|Any CPU.ActiveCfg = Debug|Any CPU
		{BC2874D3-EDE1-4BB5-A7E1-EE02E926FBF4}.Release - CodeWall|Any CPU.ActiveCfg = Release|Any CPU
		{BC2874D3-EDE1-4BB5-A7E1-EE02E926FBF4}.Release - CodeWall|Any CPU.Build.0 = Release|Any CPU
		{BC2874D3-EDE1-4BB5-A7E1-EE02E926FBF4}.Release - Maintenance|Any CPU.ActiveCfg = Release|Any CPU
		{BC2874D3-EDE1-4BB5-A7E1-EE02E926FBF4}.Release - Setup|Any CPU.ActiveCfg = Release|Any CPU
		{BC2874D3-EDE1-4BB5-A7E1-EE02E926FBF4}.Release (Special)|Any CPU.ActiveCfg = Release|Any CPU
		{BC2874D3-EDE1-4BB5-A7E1-EE02E926FBF4}.Release (Special)|Any CPU.Build.0 = Release|Any CPU
		{BC2874D3-EDE1-4BB5-A7E1-EE02E926FBF4}.Release|Any CPU.ActiveCfg = Release|Any CPU
		{BC2874D3-EDE1-4BB5-A7E1-EE02E926FBF4}.Release|Any CPU.Build.0 = Release|Any CPU
		{7DA1465B-3029-43E8-801C-BAC87581B99C}.Debug|Any CPU.ActiveCfg = Debug|Any CPU
		{7DA1465B-3029-43E8-801C-BAC87581B99C}.Debug|Any CPU.Build.0 = Debug|Any CPU
		{7DA1465B-3029-43E8-801C-BAC87581B99C}.Designer|Any CPU.ActiveCfg = Designer|Any CPU
		{7DA1465B-3029-43E8-801C-BAC87581B99C}.Designer|Any CPU.Build.0 = Designer|Any CPU
		{7DA1465B-3029-43E8-801C-BAC87581B99C}.Release - CodeWall|Any CPU.ActiveCfg = Release|Any CPU
		{7DA1465B-3029-43E8-801C-BAC87581B99C}.Release - CodeWall|Any CPU.Build.0 = Release|Any CPU
		{7DA1465B-3029-43E8-801C-BAC87581B99C}.Release - Maintenance|Any CPU.ActiveCfg = Release|Any CPU
		{7DA1465B-3029-43E8-801C-BAC87581B99C}.Release - Setup|Any CPU.ActiveCfg = Release|Any CPU
		{7DA1465B-3029-43E8-801C-BAC87581B99C}.Release (Special)|Any CPU.ActiveCfg = Release (Special)|Any CPU
		{7DA1465B-3029-43E8-801C-BAC87581B99C}.Release (Special)|Any CPU.Build.0 = Release (Special)|Any CPU
		{7DA1465B-3029-43E8-801C-BAC87581B99C}.Release|Any CPU.ActiveCfg = Release|Any CPU
		{7DA1465B-3029-43E8-801C-BAC87581B99C}.Release|Any CPU.Build.0 = Release|Any CPU
		{8409F2D8-A4C6-472B-A71B-C5F88E820A6F}.Debug|Any CPU.ActiveCfg = Debug|Any CPU
		{8409F2D8-A4C6-472B-A71B-C5F88E820A6F}.Debug|Any CPU.Build.0 = Debug|Any CPU
		{8409F2D8-A4C6-472B-A71B-C5F88E820A6F}.Designer|Any CPU.ActiveCfg = Debug|Any CPU
		{8409F2D8-A4C6-472B-A71B-C5F88E820A6F}.Release - CodeWall|Any CPU.ActiveCfg = Release|Any CPU
		{8409F2D8-A4C6-472B-A71B-C5F88E820A6F}.Release - CodeWall|Any CPU.Build.0 = Release|Any CPU
		{8409F2D8-A4C6-472B-A71B-C5F88E820A6F}.Release - Maintenance|Any CPU.ActiveCfg = Release|Any CPU
		{8409F2D8-A4C6-472B-A71B-C5F88E820A6F}.Release - Setup|Any CPU.ActiveCfg = Release|Any CPU
		{8409F2D8-A4C6-472B-A71B-C5F88E820A6F}.Release (Special)|Any CPU.ActiveCfg = Release (Special)|Any CPU
		{8409F2D8-A4C6-472B-A71B-C5F88E820A6F}.Release (Special)|Any CPU.Build.0 = Release (Special)|Any CPU
		{8409F2D8-A4C6-472B-A71B-C5F88E820A6F}.Release|Any CPU.ActiveCfg = Release|Any CPU
		{8409F2D8-A4C6-472B-A71B-C5F88E820A6F}.Release|Any CPU.Build.0 = Release|Any CPU
		{B4E0019F-BD64-47DD-8BFF-9D2B0AB3C86C}.Debug|Any CPU.ActiveCfg = Debug|Any CPU
		{B4E0019F-BD64-47DD-8BFF-9D2B0AB3C86C}.Debug|Any CPU.Build.0 = Debug|Any CPU
		{B4E0019F-BD64-47DD-8BFF-9D2B0AB3C86C}.Designer|Any CPU.ActiveCfg = Debug|Any CPU
		{B4E0019F-BD64-47DD-8BFF-9D2B0AB3C86C}.Release - CodeWall|Any CPU.ActiveCfg = Release - CodeWall|Any CPU
		{B4E0019F-BD64-47DD-8BFF-9D2B0AB3C86C}.Release - CodeWall|Any CPU.Build.0 = Release - CodeWall|Any CPU
		{B4E0019F-BD64-47DD-8BFF-9D2B0AB3C86C}.Release - Maintenance|Any CPU.ActiveCfg = Release|Any CPU
		{B4E0019F-BD64-47DD-8BFF-9D2B0AB3C86C}.Release - Maintenance|Any CPU.Build.0 = Release|Any CPU
		{B4E0019F-BD64-47DD-8BFF-9D2B0AB3C86C}.Release - Setup|Any CPU.ActiveCfg = Release|Any CPU
		{B4E0019F-BD64-47DD-8BFF-9D2B0AB3C86C}.Release (Special)|Any CPU.ActiveCfg = Release (Special)|Any CPU
		{B4E0019F-BD64-47DD-8BFF-9D2B0AB3C86C}.Release (Special)|Any CPU.Build.0 = Release (Special)|Any CPU
		{B4E0019F-BD64-47DD-8BFF-9D2B0AB3C86C}.Release|Any CPU.ActiveCfg = Release|Any CPU
		{B4E0019F-BD64-47DD-8BFF-9D2B0AB3C86C}.Release|Any CPU.Build.0 = Release|Any CPU
		{C1AE4E71-C8DB-4FE1-84D5-CBA1ACA62086}.Debug|Any CPU.ActiveCfg = Debug|Any CPU
		{C1AE4E71-C8DB-4FE1-84D5-CBA1ACA62086}.Debug|Any CPU.Build.0 = Debug|Any CPU
		{C1AE4E71-C8DB-4FE1-84D5-CBA1ACA62086}.Designer|Any CPU.ActiveCfg = Debug|Any CPU
		{C1AE4E71-C8DB-4FE1-84D5-CBA1ACA62086}.Designer|Any CPU.Build.0 = Debug|Any CPU
		{C1AE4E71-C8DB-4FE1-84D5-CBA1ACA62086}.Release - CodeWall|Any CPU.ActiveCfg = Release|Any CPU
		{C1AE4E71-C8DB-4FE1-84D5-CBA1ACA62086}.Release - Maintenance|Any CPU.ActiveCfg = Release|Any CPU
		{C1AE4E71-C8DB-4FE1-84D5-CBA1ACA62086}.Release - Maintenance|Any CPU.Build.0 = Release|Any CPU
		{C1AE4E71-C8DB-4FE1-84D5-CBA1ACA62086}.Release - Setup|Any CPU.ActiveCfg = Release|Any CPU
		{C1AE4E71-C8DB-4FE1-84D5-CBA1ACA62086}.Release (Special)|Any CPU.ActiveCfg = Release|Any CPU
		{C1AE4E71-C8DB-4FE1-84D5-CBA1ACA62086}.Release (Special)|Any CPU.Build.0 = Release|Any CPU
		{C1AE4E71-C8DB-4FE1-84D5-CBA1ACA62086}.Release|Any CPU.ActiveCfg = Release|Any CPU
		{C1AE4E71-C8DB-4FE1-84D5-CBA1ACA62086}.Release|Any CPU.Build.0 = Release|Any CPU
		{C192E586-21CB-45CA-86C7-9CE602F4726E}.Debug|Any CPU.ActiveCfg = Debug|Any CPU
		{C192E586-21CB-45CA-86C7-9CE602F4726E}.Debug|Any CPU.Build.0 = Debug|Any CPU
		{C192E586-21CB-45CA-86C7-9CE602F4726E}.Designer|Any CPU.ActiveCfg = Debug|Any CPU
		{C192E586-21CB-45CA-86C7-9CE602F4726E}.Designer|Any CPU.Build.0 = Debug|Any CPU
		{C192E586-21CB-45CA-86C7-9CE602F4726E}.Release - CodeWall|Any CPU.ActiveCfg = Release|Any CPU
		{C192E586-21CB-45CA-86C7-9CE602F4726E}.Release - CodeWall|Any CPU.Build.0 = Release|Any CPU
		{C192E586-21CB-45CA-86C7-9CE602F4726E}.Release - Maintenance|Any CPU.ActiveCfg = Release|Any CPU
		{C192E586-21CB-45CA-86C7-9CE602F4726E}.Release - Maintenance|Any CPU.Build.0 = Release|Any CPU
		{C192E586-21CB-45CA-86C7-9CE602F4726E}.Release - Setup|Any CPU.ActiveCfg = Release|Any CPU
		{C192E586-21CB-45CA-86C7-9CE602F4726E}.Release (Special)|Any CPU.ActiveCfg = Release|Any CPU
		{C192E586-21CB-45CA-86C7-9CE602F4726E}.Release (Special)|Any CPU.Build.0 = Release|Any CPU
		{C192E586-21CB-45CA-86C7-9CE602F4726E}.Release|Any CPU.ActiveCfg = Release|Any CPU
		{C192E586-21CB-45CA-86C7-9CE602F4726E}.Release|Any CPU.Build.0 = Release|Any CPU
		{84E07D7F-09B6-4894-BBE4-4FCFA73A85E1}.Debug|Any CPU.ActiveCfg = Debug|Any CPU
		{84E07D7F-09B6-4894-BBE4-4FCFA73A85E1}.Debug|Any CPU.Build.0 = Debug|Any CPU
		{84E07D7F-09B6-4894-BBE4-4FCFA73A85E1}.Designer|Any CPU.ActiveCfg = Debug|Any CPU
		{84E07D7F-09B6-4894-BBE4-4FCFA73A85E1}.Designer|Any CPU.Build.0 = Debug|Any CPU
		{84E07D7F-09B6-4894-BBE4-4FCFA73A85E1}.Release - CodeWall|Any CPU.ActiveCfg = Release|Any CPU
		{84E07D7F-09B6-4894-BBE4-4FCFA73A85E1}.Release - CodeWall|Any CPU.Build.0 = Release|Any CPU
		{84E07D7F-09B6-4894-BBE4-4FCFA73A85E1}.Release - Maintenance|Any CPU.ActiveCfg = Release|Any CPU
		{84E07D7F-09B6-4894-BBE4-4FCFA73A85E1}.Release - Maintenance|Any CPU.Build.0 = Release|Any CPU
		{84E07D7F-09B6-4894-BBE4-4FCFA73A85E1}.Release - Setup|Any CPU.ActiveCfg = Release|Any CPU
		{84E07D7F-09B6-4894-BBE4-4FCFA73A85E1}.Release (Special)|Any CPU.ActiveCfg = Release|Any CPU
		{84E07D7F-09B6-4894-BBE4-4FCFA73A85E1}.Release (Special)|Any CPU.Build.0 = Release|Any CPU
		{84E07D7F-09B6-4894-BBE4-4FCFA73A85E1}.Release|Any CPU.ActiveCfg = Release|Any CPU
		{84E07D7F-09B6-4894-BBE4-4FCFA73A85E1}.Release|Any CPU.Build.0 = Release|Any CPU
		{F13A1A13-4773-4744-820B-43DA34DFAE7B}.Debug|Any CPU.ActiveCfg = Debug|Any CPU
		{F13A1A13-4773-4744-820B-43DA34DFAE7B}.Debug|Any CPU.Build.0 = Debug|Any CPU
		{F13A1A13-4773-4744-820B-43DA34DFAE7B}.Designer|Any CPU.ActiveCfg = Debug|Any CPU
		{F13A1A13-4773-4744-820B-43DA34DFAE7B}.Designer|Any CPU.Build.0 = Debug|Any CPU
		{F13A1A13-4773-4744-820B-43DA34DFAE7B}.Release - CodeWall|Any CPU.ActiveCfg = Release|Any CPU
		{F13A1A13-4773-4744-820B-43DA34DFAE7B}.Release - CodeWall|Any CPU.Build.0 = Release|Any CPU
		{F13A1A13-4773-4744-820B-43DA34DFAE7B}.Release - Maintenance|Any CPU.ActiveCfg = Release|Any CPU
		{F13A1A13-4773-4744-820B-43DA34DFAE7B}.Release - Maintenance|Any CPU.Build.0 = Release|Any CPU
		{F13A1A13-4773-4744-820B-43DA34DFAE7B}.Release - Setup|Any CPU.ActiveCfg = Release|Any CPU
		{F13A1A13-4773-4744-820B-43DA34DFAE7B}.Release (Special)|Any CPU.ActiveCfg = Release|Any CPU
		{F13A1A13-4773-4744-820B-43DA34DFAE7B}.Release (Special)|Any CPU.Build.0 = Release|Any CPU
		{F13A1A13-4773-4744-820B-43DA34DFAE7B}.Release|Any CPU.ActiveCfg = Release|Any CPU
		{F13A1A13-4773-4744-820B-43DA34DFAE7B}.Release|Any CPU.Build.0 = Release|Any CPU
		{AE4EF016-B541-4C93-98C1-CDEE1C63AC11}.Debug|Any CPU.ActiveCfg = Debug|Any CPU
		{AE4EF016-B541-4C93-98C1-CDEE1C63AC11}.Debug|Any CPU.Build.0 = Debug|Any CPU
		{AE4EF016-B541-4C93-98C1-CDEE1C63AC11}.Designer|Any CPU.ActiveCfg = Debug|Any CPU
		{AE4EF016-B541-4C93-98C1-CDEE1C63AC11}.Designer|Any CPU.Build.0 = Debug|Any CPU
		{AE4EF016-B541-4C93-98C1-CDEE1C63AC11}.Release - CodeWall|Any CPU.ActiveCfg = Release|Any CPU
		{AE4EF016-B541-4C93-98C1-CDEE1C63AC11}.Release - CodeWall|Any CPU.Build.0 = Release|Any CPU
		{AE4EF016-B541-4C93-98C1-CDEE1C63AC11}.Release - Maintenance|Any CPU.ActiveCfg = Release|Any CPU
		{AE4EF016-B541-4C93-98C1-CDEE1C63AC11}.Release - Maintenance|Any CPU.Build.0 = Release|Any CPU
		{AE4EF016-B541-4C93-98C1-CDEE1C63AC11}.Release - Setup|Any CPU.ActiveCfg = Release|Any CPU
		{AE4EF016-B541-4C93-98C1-CDEE1C63AC11}.Release (Special)|Any CPU.ActiveCfg = Release|Any CPU
		{AE4EF016-B541-4C93-98C1-CDEE1C63AC11}.Release (Special)|Any CPU.Build.0 = Release|Any CPU
		{AE4EF016-B541-4C93-98C1-CDEE1C63AC11}.Release|Any CPU.ActiveCfg = Release|Any CPU
		{AE4EF016-B541-4C93-98C1-CDEE1C63AC11}.Release|Any CPU.Build.0 = Release|Any CPU
		{6145150F-1096-482D-AD8B-B93F63923066}.Debug|Any CPU.ActiveCfg = Debug|Any CPU
		{6145150F-1096-482D-AD8B-B93F63923066}.Debug|Any CPU.Build.0 = Debug|Any CPU
		{6145150F-1096-482D-AD8B-B93F63923066}.Designer|Any CPU.ActiveCfg = Debug|Any CPU
		{6145150F-1096-482D-AD8B-B93F63923066}.Designer|Any CPU.Build.0 = Debug|Any CPU
		{6145150F-1096-482D-AD8B-B93F63923066}.Release - CodeWall|Any CPU.ActiveCfg = Release|Any CPU
		{6145150F-1096-482D-AD8B-B93F63923066}.Release - CodeWall|Any CPU.Build.0 = Release|Any CPU
		{6145150F-1096-482D-AD8B-B93F63923066}.Release - Maintenance|Any CPU.ActiveCfg = Release|Any CPU
		{6145150F-1096-482D-AD8B-B93F63923066}.Release - Maintenance|Any CPU.Build.0 = Release|Any CPU
		{6145150F-1096-482D-AD8B-B93F63923066}.Release - Setup|Any CPU.ActiveCfg = Release|Any CPU
		{6145150F-1096-482D-AD8B-B93F63923066}.Release (Special)|Any CPU.ActiveCfg = Release|Any CPU
		{6145150F-1096-482D-AD8B-B93F63923066}.Release (Special)|Any CPU.Build.0 = Release|Any CPU
		{6145150F-1096-482D-AD8B-B93F63923066}.Release|Any CPU.ActiveCfg = Release|Any CPU
		{6145150F-1096-482D-AD8B-B93F63923066}.Release|Any CPU.Build.0 = Release|Any CPU
		{337782F6-B38E-4D67-A290-6DF3CF53DF5E}.Debug|Any CPU.ActiveCfg = Debug|Any CPU
		{337782F6-B38E-4D67-A290-6DF3CF53DF5E}.Debug|Any CPU.Build.0 = Debug|Any CPU
		{337782F6-B38E-4D67-A290-6DF3CF53DF5E}.Designer|Any CPU.ActiveCfg = Debug|Any CPU
		{337782F6-B38E-4D67-A290-6DF3CF53DF5E}.Designer|Any CPU.Build.0 = Debug|Any CPU
		{337782F6-B38E-4D67-A290-6DF3CF53DF5E}.Release - CodeWall|Any CPU.ActiveCfg = Release|Any CPU
		{337782F6-B38E-4D67-A290-6DF3CF53DF5E}.Release - CodeWall|Any CPU.Build.0 = Release|Any CPU
		{337782F6-B38E-4D67-A290-6DF3CF53DF5E}.Release - Maintenance|Any CPU.ActiveCfg = Release|Any CPU
		{337782F6-B38E-4D67-A290-6DF3CF53DF5E}.Release - Maintenance|Any CPU.Build.0 = Release|Any CPU
		{337782F6-B38E-4D67-A290-6DF3CF53DF5E}.Release - Setup|Any CPU.ActiveCfg = Release|Any CPU
		{337782F6-B38E-4D67-A290-6DF3CF53DF5E}.Release - Setup|Any CPU.Build.0 = Release|Any CPU
		{337782F6-B38E-4D67-A290-6DF3CF53DF5E}.Release (Special)|Any CPU.ActiveCfg = Release|Any CPU
		{337782F6-B38E-4D67-A290-6DF3CF53DF5E}.Release (Special)|Any CPU.Build.0 = Release|Any CPU
		{337782F6-B38E-4D67-A290-6DF3CF53DF5E}.Release|Any CPU.ActiveCfg = Release|Any CPU
		{337782F6-B38E-4D67-A290-6DF3CF53DF5E}.Release|Any CPU.Build.0 = Release|Any CPU
		{F5E5ABB7-9D52-4AE8-9957-617299A3F49A}.Debug|Any CPU.ActiveCfg = Debug|Any CPU
		{F5E5ABB7-9D52-4AE8-9957-617299A3F49A}.Debug|Any CPU.Build.0 = Debug|Any CPU
		{F5E5ABB7-9D52-4AE8-9957-617299A3F49A}.Designer|Any CPU.ActiveCfg = Debug - EMULATOR|Any CPU
		{F5E5ABB7-9D52-4AE8-9957-617299A3F49A}.Designer|Any CPU.Build.0 = Debug - EMULATOR|Any CPU
		{F5E5ABB7-9D52-4AE8-9957-617299A3F49A}.Release - CodeWall|Any CPU.ActiveCfg = Release - Setup|Any CPU
		{F5E5ABB7-9D52-4AE8-9957-617299A3F49A}.Release - CodeWall|Any CPU.Build.0 = Release - Setup|Any CPU
		{F5E5ABB7-9D52-4AE8-9957-617299A3F49A}.Release - Maintenance|Any CPU.ActiveCfg = Release - Setup|Any CPU
		{F5E5ABB7-9D52-4AE8-9957-617299A3F49A}.Release - Maintenance|Any CPU.Build.0 = Release - Setup|Any CPU
		{F5E5ABB7-9D52-4AE8-9957-617299A3F49A}.Release - Setup|Any CPU.ActiveCfg = Release - Setup|Any CPU
		{F5E5ABB7-9D52-4AE8-9957-617299A3F49A}.Release - Setup|Any CPU.Build.0 = Release - Setup|Any CPU
		{F5E5ABB7-9D52-4AE8-9957-617299A3F49A}.Release (Special)|Any CPU.ActiveCfg = Release (Special)|Any CPU
		{F5E5ABB7-9D52-4AE8-9957-617299A3F49A}.Release (Special)|Any CPU.Build.0 = Release (Special)|Any CPU
		{F5E5ABB7-9D52-4AE8-9957-617299A3F49A}.Release|Any CPU.ActiveCfg = Release|Any CPU
		{F5E5ABB7-9D52-4AE8-9957-617299A3F49A}.Release|Any CPU.Build.0 = Release|Any CPU
		{DD4CE909-5209-433A-A10B-A1CB612C7A26}.Debug|Any CPU.ActiveCfg = Debug|Any CPU
		{DD4CE909-5209-433A-A10B-A1CB612C7A26}.Debug|Any CPU.Build.0 = Debug|Any CPU
		{DD4CE909-5209-433A-A10B-A1CB612C7A26}.Designer|Any CPU.ActiveCfg = Designer|Any CPU
		{DD4CE909-5209-433A-A10B-A1CB612C7A26}.Designer|Any CPU.Build.0 = Designer|Any CPU
		{DD4CE909-5209-433A-A10B-A1CB612C7A26}.Release - CodeWall|Any CPU.ActiveCfg = Release - Setup|Any CPU
		{DD4CE909-5209-433A-A10B-A1CB612C7A26}.Release - CodeWall|Any CPU.Build.0 = Release - Setup|Any CPU
		{DD4CE909-5209-433A-A10B-A1CB612C7A26}.Release - Maintenance|Any CPU.ActiveCfg = Release - Setup|Any CPU
		{DD4CE909-5209-433A-A10B-A1CB612C7A26}.Release - Maintenance|Any CPU.Build.0 = Release - Setup|Any CPU
		{DD4CE909-5209-433A-A10B-A1CB612C7A26}.Release - Setup|Any CPU.ActiveCfg = Release - Setup|Any CPU
		{DD4CE909-5209-433A-A10B-A1CB612C7A26}.Release - Setup|Any CPU.Build.0 = Release - Setup|Any CPU
		{DD4CE909-5209-433A-A10B-A1CB612C7A26}.Release (Special)|Any CPU.ActiveCfg = Release (Special)|Any CPU
		{DD4CE909-5209-433A-A10B-A1CB612C7A26}.Release (Special)|Any CPU.Build.0 = Release (Special)|Any CPU
		{DD4CE909-5209-433A-A10B-A1CB612C7A26}.Release|Any CPU.ActiveCfg = Release|Any CPU
		{DD4CE909-5209-433A-A10B-A1CB612C7A26}.Release|Any CPU.Build.0 = Release|Any CPU
		{BC4A4D0D-5ACA-416D-AFBD-2DC60ECB3C14}.Debug|Any CPU.ActiveCfg = Debug|Any CPU
		{BC4A4D0D-5ACA-416D-AFBD-2DC60ECB3C14}.Debug|Any CPU.Build.0 = Debug|Any CPU
		{BC4A4D0D-5ACA-416D-AFBD-2DC60ECB3C14}.Designer|Any CPU.ActiveCfg = Debug|Any CPU
		{BC4A4D0D-5ACA-416D-AFBD-2DC60ECB3C14}.Designer|Any CPU.Build.0 = Debug|Any CPU
		{BC4A4D0D-5ACA-416D-AFBD-2DC60ECB3C14}.Release - CodeWall|Any CPU.ActiveCfg = Release|Any CPU
		{BC4A4D0D-5ACA-416D-AFBD-2DC60ECB3C14}.Release - CodeWall|Any CPU.Build.0 = Release|Any CPU
		{BC4A4D0D-5ACA-416D-AFBD-2DC60ECB3C14}.Release - Maintenance|Any CPU.ActiveCfg = Release|Any CPU
		{BC4A4D0D-5ACA-416D-AFBD-2DC60ECB3C14}.Release - Maintenance|Any CPU.Build.0 = Release|Any CPU
		{BC4A4D0D-5ACA-416D-AFBD-2DC60ECB3C14}.Release - Setup|Any CPU.ActiveCfg = Release|Any CPU
		{BC4A4D0D-5ACA-416D-AFBD-2DC60ECB3C14}.Release - Setup|Any CPU.Build.0 = Release|Any CPU
		{BC4A4D0D-5ACA-416D-AFBD-2DC60ECB3C14}.Release (Special)|Any CPU.ActiveCfg = Release|Any CPU
		{BC4A4D0D-5ACA-416D-AFBD-2DC60ECB3C14}.Release (Special)|Any CPU.Build.0 = Release|Any CPU
		{BC4A4D0D-5ACA-416D-AFBD-2DC60ECB3C14}.Release|Any CPU.ActiveCfg = Release|Any CPU
		{BC4A4D0D-5ACA-416D-AFBD-2DC60ECB3C14}.Release|Any CPU.Build.0 = Release|Any CPU
		{5CBAE2C8-CE17-4616-B146-4BE2F703849C}.Debug|Any CPU.ActiveCfg = Debug|Any CPU
		{5CBAE2C8-CE17-4616-B146-4BE2F703849C}.Debug|Any CPU.Build.0 = Debug|Any CPU
		{5CBAE2C8-CE17-4616-B146-4BE2F703849C}.Designer|Any CPU.ActiveCfg = Debug|Any CPU
		{5CBAE2C8-CE17-4616-B146-4BE2F703849C}.Designer|Any CPU.Build.0 = Debug|Any CPU
		{5CBAE2C8-CE17-4616-B146-4BE2F703849C}.Release - CodeWall|Any CPU.ActiveCfg = Release|Any CPU
		{5CBAE2C8-CE17-4616-B146-4BE2F703849C}.Release - CodeWall|Any CPU.Build.0 = Release|Any CPU
		{5CBAE2C8-CE17-4616-B146-4BE2F703849C}.Release - Maintenance|Any CPU.ActiveCfg = Release|Any CPU
		{5CBAE2C8-CE17-4616-B146-4BE2F703849C}.Release - Maintenance|Any CPU.Build.0 = Release|Any CPU
		{5CBAE2C8-CE17-4616-B146-4BE2F703849C}.Release - Setup|Any CPU.ActiveCfg = Release|Any CPU
		{5CBAE2C8-CE17-4616-B146-4BE2F703849C}.Release - Setup|Any CPU.Build.0 = Release|Any CPU
		{5CBAE2C8-CE17-4616-B146-4BE2F703849C}.Release (Special)|Any CPU.ActiveCfg = Release|Any CPU
		{5CBAE2C8-CE17-4616-B146-4BE2F703849C}.Release (Special)|Any CPU.Build.0 = Release|Any CPU
		{5CBAE2C8-CE17-4616-B146-4BE2F703849C}.Release|Any CPU.ActiveCfg = Release|Any CPU
		{5CBAE2C8-CE17-4616-B146-4BE2F703849C}.Release|Any CPU.Build.0 = Release|Any CPU
		{4ED04093-3D8B-421B-AB44-DB2A27E2AF24}.Debug|Any CPU.ActiveCfg = Debug|Any CPU
		{4ED04093-3D8B-421B-AB44-DB2A27E2AF24}.Debug|Any CPU.Build.0 = Debug|Any CPU
		{4ED04093-3D8B-421B-AB44-DB2A27E2AF24}.Designer|Any CPU.ActiveCfg = Debug|Any CPU
		{4ED04093-3D8B-421B-AB44-DB2A27E2AF24}.Designer|Any CPU.Build.0 = Debug|Any CPU
		{4ED04093-3D8B-421B-AB44-DB2A27E2AF24}.Release - CodeWall|Any CPU.ActiveCfg = Release|Any CPU
		{4ED04093-3D8B-421B-AB44-DB2A27E2AF24}.Release - CodeWall|Any CPU.Build.0 = Release|Any CPU
		{4ED04093-3D8B-421B-AB44-DB2A27E2AF24}.Release - Maintenance|Any CPU.ActiveCfg = Release|Any CPU
		{4ED04093-3D8B-421B-AB44-DB2A27E2AF24}.Release - Maintenance|Any CPU.Build.0 = Release|Any CPU
		{4ED04093-3D8B-421B-AB44-DB2A27E2AF24}.Release - Setup|Any CPU.ActiveCfg = Release|Any CPU
		{4ED04093-3D8B-421B-AB44-DB2A27E2AF24}.Release - Setup|Any CPU.Build.0 = Release|Any CPU
		{4ED04093-3D8B-421B-AB44-DB2A27E2AF24}.Release (Special)|Any CPU.ActiveCfg = Release|Any CPU
		{4ED04093-3D8B-421B-AB44-DB2A27E2AF24}.Release (Special)|Any CPU.Build.0 = Release|Any CPU
		{4ED04093-3D8B-421B-AB44-DB2A27E2AF24}.Release|Any CPU.ActiveCfg = Release|Any CPU
		{4ED04093-3D8B-421B-AB44-DB2A27E2AF24}.Release|Any CPU.Build.0 = Release|Any CPU
		{81F5A036-DE0F-45DD-9B61-45D541296138}.Debug|Any CPU.ActiveCfg = Debug|Any CPU
		{81F5A036-DE0F-45DD-9B61-45D541296138}.Debug|Any CPU.Build.0 = Debug|Any CPU
		{81F5A036-DE0F-45DD-9B61-45D541296138}.Designer|Any CPU.ActiveCfg = Debug|Any CPU
		{81F5A036-DE0F-45DD-9B61-45D541296138}.Designer|Any CPU.Build.0 = Debug|Any CPU
		{81F5A036-DE0F-45DD-9B61-45D541296138}.Release - CodeWall|Any CPU.ActiveCfg = Release|Any CPU
		{81F5A036-DE0F-45DD-9B61-45D541296138}.Release - CodeWall|Any CPU.Build.0 = Release|Any CPU
		{81F5A036-DE0F-45DD-9B61-45D541296138}.Release - Maintenance|Any CPU.ActiveCfg = Release|Any CPU
		{81F5A036-DE0F-45DD-9B61-45D541296138}.Release - Maintenance|Any CPU.Build.0 = Release|Any CPU
		{81F5A036-DE0F-45DD-9B61-45D541296138}.Release - Setup|Any CPU.ActiveCfg = Release|Any CPU
		{81F5A036-DE0F-45DD-9B61-45D541296138}.Release - Setup|Any CPU.Build.0 = Release|Any CPU
		{81F5A036-DE0F-45DD-9B61-45D541296138}.Release (Special)|Any CPU.ActiveCfg = Release|Any CPU
		{81F5A036-DE0F-45DD-9B61-45D541296138}.Release (Special)|Any CPU.Build.0 = Release|Any CPU
		{81F5A036-DE0F-45DD-9B61-45D541296138}.Release|Any CPU.ActiveCfg = Release|Any CPU
		{81F5A036-DE0F-45DD-9B61-45D541296138}.Release|Any CPU.Build.0 = Release|Any CPU
		{D68E6F26-009C-435F-B3DF-DCB00CAAB7CB}.Debug|Any CPU.ActiveCfg = Debug|Any CPU
		{D68E6F26-009C-435F-B3DF-DCB00CAAB7CB}.Debug|Any CPU.Build.0 = Debug|Any CPU
		{D68E6F26-009C-435F-B3DF-DCB00CAAB7CB}.Designer|Any CPU.ActiveCfg = Debug|Any CPU
		{D68E6F26-009C-435F-B3DF-DCB00CAAB7CB}.Designer|Any CPU.Build.0 = Debug|Any CPU
		{D68E6F26-009C-435F-B3DF-DCB00CAAB7CB}.Release - CodeWall|Any CPU.ActiveCfg = Release|Any CPU
		{D68E6F26-009C-435F-B3DF-DCB00CAAB7CB}.Release - CodeWall|Any CPU.Build.0 = Release|Any CPU
		{D68E6F26-009C-435F-B3DF-DCB00CAAB7CB}.Release - Maintenance|Any CPU.ActiveCfg = Release|Any CPU
		{D68E6F26-009C-435F-B3DF-DCB00CAAB7CB}.Release - Maintenance|Any CPU.Build.0 = Release|Any CPU
		{D68E6F26-009C-435F-B3DF-DCB00CAAB7CB}.Release - Setup|Any CPU.ActiveCfg = Release|Any CPU
		{D68E6F26-009C-435F-B3DF-DCB00CAAB7CB}.Release - Setup|Any CPU.Build.0 = Release|Any CPU
		{D68E6F26-009C-435F-B3DF-DCB00CAAB7CB}.Release (Special)|Any CPU.ActiveCfg = Release|Any CPU
		{D68E6F26-009C-435F-B3DF-DCB00CAAB7CB}.Release (Special)|Any CPU.Build.0 = Release|Any CPU
		{D68E6F26-009C-435F-B3DF-DCB00CAAB7CB}.Release|Any CPU.ActiveCfg = Release|Any CPU
		{D68E6F26-009C-435F-B3DF-DCB00CAAB7CB}.Release|Any CPU.Build.0 = Release|Any CPU
		{E11FF1A8-4119-4106-A75E-C01B41AEDBF2}.Debug|Any CPU.ActiveCfg = Debug|Any CPU
		{E11FF1A8-4119-4106-A75E-C01B41AEDBF2}.Debug|Any CPU.Build.0 = Debug|Any CPU
		{E11FF1A8-4119-4106-A75E-C01B41AEDBF2}.Designer|Any CPU.ActiveCfg = Debug|Any CPU
		{E11FF1A8-4119-4106-A75E-C01B41AEDBF2}.Designer|Any CPU.Build.0 = Debug|Any CPU
		{E11FF1A8-4119-4106-A75E-C01B41AEDBF2}.Release - CodeWall|Any CPU.ActiveCfg = Release - Obfuscation|Any CPU
		{E11FF1A8-4119-4106-A75E-C01B41AEDBF2}.Release - CodeWall|Any CPU.Build.0 = Release - Obfuscation|Any CPU
		{E11FF1A8-4119-4106-A75E-C01B41AEDBF2}.Release - Maintenance|Any CPU.ActiveCfg = Release|Any CPU
		{E11FF1A8-4119-4106-A75E-C01B41AEDBF2}.Release - Maintenance|Any CPU.Build.0 = Release|Any CPU
		{E11FF1A8-4119-4106-A75E-C01B41AEDBF2}.Release - Setup|Any CPU.ActiveCfg = Release|Any CPU
		{E11FF1A8-4119-4106-A75E-C01B41AEDBF2}.Release - Setup|Any CPU.Build.0 = Release|Any CPU
		{E11FF1A8-4119-4106-A75E-C01B41AEDBF2}.Release (Special)|Any CPU.ActiveCfg = Release|Any CPU
		{E11FF1A8-4119-4106-A75E-C01B41AEDBF2}.Release (Special)|Any CPU.Build.0 = Release|Any CPU
		{E11FF1A8-4119-4106-A75E-C01B41AEDBF2}.Release|Any CPU.ActiveCfg = Release|Any CPU
		{E11FF1A8-4119-4106-A75E-C01B41AEDBF2}.Release|Any CPU.Build.0 = Release|Any CPU
		{862F8EF4-FA86-4585-9FDB-7E25CEC89983}.Debug|Any CPU.ActiveCfg = Debug
		{862F8EF4-FA86-4585-9FDB-7E25CEC89983}.Designer|Any CPU.ActiveCfg = Debug
		{862F8EF4-FA86-4585-9FDB-7E25CEC89983}.Release - CodeWall|Any CPU.ActiveCfg = Release
		{862F8EF4-FA86-4585-9FDB-7E25CEC89983}.Release - Maintenance|Any CPU.ActiveCfg = Release
		{862F8EF4-FA86-4585-9FDB-7E25CEC89983}.Release - Setup|Any CPU.ActiveCfg = Release
		{862F8EF4-FA86-4585-9FDB-7E25CEC89983}.Release (Special)|Any CPU.ActiveCfg = Release
		{862F8EF4-FA86-4585-9FDB-7E25CEC89983}.Release|Any CPU.ActiveCfg = Release
	EndGlobalSection
	GlobalSection(SolutionProperties) = preSolution
		HideSolutionNode = FALSE
	EndGlobalSection
EndGlobal
